
Microsoft Visual Studio Solution File, Format Version 12.00
# Visual Studio 2012
Project("{FAE04EC0-301F-11D3-BF4B-00C04F79EFBC}") = "Runner", "Runner\Runner.csproj", "{7252968B-3AAC-4DF6-AA78-E39FC4A1F928}"
EndProject
Global
	GlobalSection(SolutionConfigurationPlatforms) = preSolution
		Debug|Any CPU = Debug|Any CPU
		Release|Any CPU = Release|Any CPU
	EndGlobalSection
	GlobalSection(ProjectConfigurationPlatforms) = postSolution
		{7252968B-3AAC-4DF6-AA78-E39FC4A1F928}.Debug|Any CPU.ActiveCfg = Debug|Any CPU
		{7252968B-3AAC-4DF6-AA78-E39FC4A1F928}.Debug|Any CPU.Build.0 = Debug|Any CPU
		{7252968B-3AAC-4DF6-AA78-E39FC4A1F928}.Release|Any CPU.ActiveCfg = Release|Any CPU
		{7252968B-3AAC-4DF6-AA78-E39FC4A1F928}.Release|Any CPU.Build.0 = Release|Any CPU
	EndGlobalSection
	GlobalSection(SolutionProperties) = preSolution
		HideSolutionNode = FALSE
	EndGlobalSection
EndGlobal
