
Microsoft Visual Studio Solution File, Format Version 12.00
# Visual Studio 2012
Project("{FAE04EC0-301F-11D3-BF4B-00C04F79EFBC}") = "Fractions", "Fractions\Fractions.csproj", "{BEB200D7-67DE-46B5-82E8-1F0E4641F59D}"
EndProject
Global
	GlobalSection(SolutionConfigurationPlatforms) = preSolution
		Debug|Any CPU = Debug|Any CPU
		Release|Any CPU = Release|Any CPU
	EndGlobalSection
	GlobalSection(ProjectConfigurationPlatforms) = postSolution
		{BEB200D7-67DE-46B5-82E8-1F0E4641F59D}.Debug|Any CPU.ActiveCfg = Debug|Any CPU
		{BEB200D7-67DE-46B5-82E8-1F0E4641F59D}.Debug|Any CPU.Build.0 = Debug|Any CPU
		{BEB200D7-67DE-46B5-82E8-1F0E4641F59D}.Release|Any CPU.ActiveCfg = Release|Any CPU
		{BEB200D7-67DE-46B5-82E8-1F0E4641F59D}.Release|Any CPU.Build.0 = Release|Any CPU
	EndGlobalSection
	GlobalSection(SolutionProperties) = preSolution
		HideSolutionNode = FALSE
	EndGlobalSection
EndGlobal
